// !$*UTF8*$!
{
	archiveVersion = 1;
	classes = {
	};
	objectVersion = 50;
	objects = {

/* Begin PBXBuildFile section */
		F74751F7233F7E64003FF326 /* Alamofire.framework in Frameworks */ = {isa = PBXBuildFile; fileRef = F74751F6233F7E63003FF326 /* Alamofire.framework */; };
		F74751F8233F7E64003FF326 /* Alamofire.framework in Embed Frameworks */ = {isa = PBXBuildFile; fileRef = F74751F6233F7E63003FF326 /* Alamofire.framework */; settings = {ATTRIBUTES = (CodeSignOnCopy, RemoveHeadersOnCopy, ); }; };
		F7F0A800233EF8E100FBC780 /* AppDelegate.swift in Sources */ = {isa = PBXBuildFile; fileRef = F7F0A7FF233EF8E100FBC780 /* AppDelegate.swift */; };
		F7F0A802233EF8E100FBC780 /* SceneDelegate.swift in Sources */ = {isa = PBXBuildFile; fileRef = F7F0A801233EF8E100FBC780 /* SceneDelegate.swift */; };
		F7F0A804233EF8E100FBC780 /* ViewController.swift in Sources */ = {isa = PBXBuildFile; fileRef = F7F0A803233EF8E100FBC780 /* ViewController.swift */; };
		F7F0A807233EF8E100FBC780 /* Main.storyboard in Resources */ = {isa = PBXBuildFile; fileRef = F7F0A805233EF8E100FBC780 /* Main.storyboard */; };
		F7F0A809233EF8E200FBC780 /* Assets.xcassets in Resources */ = {isa = PBXBuildFile; fileRef = F7F0A808233EF8E200FBC780 /* Assets.xcassets */; };
		F7F0A80C233EF8E200FBC780 /* LaunchScreen.storyboard in Resources */ = {isa = PBXBuildFile; fileRef = F7F0A80A233EF8E200FBC780 /* LaunchScreen.storyboard */; };
		F7F0A817233EF8E200FBC780 /* qdrawTests.swift in Sources */ = {isa = PBXBuildFile; fileRef = F7F0A816233EF8E200FBC780 /* qdrawTests.swift */; };
		F7F0A822233EF8E200FBC780 /* qdrawUITests.swift in Sources */ = {isa = PBXBuildFile; fileRef = F7F0A821233EF8E200FBC780 /* qdrawUITests.swift */; };
		F7F0A830233EF98F00FBC780 /* CanvasView.swift in Sources */ = {isa = PBXBuildFile; fileRef = F7F0A82F233EF98F00FBC780 /* CanvasView.swift */; };
/* End PBXBuildFile section */

/* Begin PBXContainerItemProxy section */
		F7F0A813233EF8E200FBC780 /* PBXContainerItemProxy */ = {
			isa = PBXContainerItemProxy;
			containerPortal = F7F0A7F4233EF8E100FBC780 /* Project object */;
			proxyType = 1;
			remoteGlobalIDString = F7F0A7FB233EF8E100FBC780;
			remoteInfo = qdraw;
		};
		F7F0A81E233EF8E200FBC780 /* PBXContainerItemProxy */ = {
			isa = PBXContainerItemProxy;
			containerPortal = F7F0A7F4233EF8E100FBC780 /* Project object */;
			proxyType = 1;
			remoteGlobalIDString = F7F0A7FB233EF8E100FBC780;
			remoteInfo = qdraw;
		};
/* End PBXContainerItemProxy section */

/* Begin PBXCopyFilesBuildPhase section */
		F74751F9233F7E64003FF326 /* Embed Frameworks */ = {
			isa = PBXCopyFilesBuildPhase;
			buildActionMask = 2147483647;
			dstPath = "";
			dstSubfolderSpec = 10;
			files = (
				F74751F8233F7E64003FF326 /* Alamofire.framework in Embed Frameworks */,
			);
			name = "Embed Frameworks";
			runOnlyForDeploymentPostprocessing = 0;
		};
/* End PBXCopyFilesBuildPhase section */

/* Begin PBXFileReference section */
		F74751F6233F7E63003FF326 /* Alamofire.framework */ = {isa = PBXFileReference; lastKnownFileType = wrapper.framework; name = Alamofire.framework; path = Carthage/Build/iOS/Alamofire.framework; sourceTree = "<group>"; };
		F7F0A7FC233EF8E100FBC780 /* qdraw.app */ = {isa = PBXFileReference; explicitFileType = wrapper.application; includeInIndex = 0; path = qdraw.app; sourceTree = BUILT_PRODUCTS_DIR; };
		F7F0A7FF233EF8E100FBC780 /* AppDelegate.swift */ = {isa = PBXFileReference; lastKnownFileType = sourcecode.swift; path = AppDelegate.swift; sourceTree = "<group>"; };
		F7F0A801233EF8E100FBC780 /* SceneDelegate.swift */ = {isa = PBXFileReference; lastKnownFileType = sourcecode.swift; path = SceneDelegate.swift; sourceTree = "<group>"; };
		F7F0A803233EF8E100FBC780 /* ViewController.swift */ = {isa = PBXFileReference; lastKnownFileType = sourcecode.swift; path = ViewController.swift; sourceTree = "<group>"; };
		F7F0A806233EF8E100FBC780 /* Base */ = {isa = PBXFileReference; lastKnownFileType = file.storyboard; name = Base; path = Base.lproj/Main.storyboard; sourceTree = "<group>"; };
		F7F0A808233EF8E200FBC780 /* Assets.xcassets */ = {isa = PBXFileReference; lastKnownFileType = folder.assetcatalog; path = Assets.xcassets; sourceTree = "<group>"; };
		F7F0A80B233EF8E200FBC780 /* Base */ = {isa = PBXFileReference; lastKnownFileType = file.storyboard; name = Base; path = Base.lproj/LaunchScreen.storyboard; sourceTree = "<group>"; };
		F7F0A80D233EF8E200FBC780 /* Info.plist */ = {isa = PBXFileReference; lastKnownFileType = text.plist.xml; path = Info.plist; sourceTree = "<group>"; };
		F7F0A812233EF8E200FBC780 /* qdrawTests.xctest */ = {isa = PBXFileReference; explicitFileType = wrapper.cfbundle; includeInIndex = 0; path = qdrawTests.xctest; sourceTree = BUILT_PRODUCTS_DIR; };
		F7F0A816233EF8E200FBC780 /* qdrawTests.swift */ = {isa = PBXFileReference; lastKnownFileType = sourcecode.swift; path = qdrawTests.swift; sourceTree = "<group>"; };
		F7F0A818233EF8E200FBC780 /* Info.plist */ = {isa = PBXFileReference; lastKnownFileType = text.plist.xml; path = Info.plist; sourceTree = "<group>"; };
		F7F0A81D233EF8E200FBC780 /* qdrawUITests.xctest */ = {isa = PBXFileReference; explicitFileType = wrapper.cfbundle; includeInIndex = 0; path = qdrawUITests.xctest; sourceTree = BUILT_PRODUCTS_DIR; };
		F7F0A821233EF8E200FBC780 /* qdrawUITests.swift */ = {isa = PBXFileReference; lastKnownFileType = sourcecode.swift; path = qdrawUITests.swift; sourceTree = "<group>"; };
		F7F0A823233EF8E200FBC780 /* Info.plist */ = {isa = PBXFileReference; lastKnownFileType = text.plist.xml; path = Info.plist; sourceTree = "<group>"; };
		F7F0A82F233EF98F00FBC780 /* CanvasView.swift */ = {isa = PBXFileReference; lastKnownFileType = sourcecode.swift; path = CanvasView.swift; sourceTree = "<group>"; };
/* End PBXFileReference section */

/* Begin PBXFrameworksBuildPhase section */
		F7F0A7F9233EF8E100FBC780 /* Frameworks */ = {
			isa = PBXFrameworksBuildPhase;
			buildActionMask = 2147483647;
			files = (
				F74751F7233F7E64003FF326 /* Alamofire.framework in Frameworks */,
			);
			runOnlyForDeploymentPostprocessing = 0;
		};
		F7F0A80F233EF8E200FBC780 /* Frameworks */ = {
			isa = PBXFrameworksBuildPhase;
			buildActionMask = 2147483647;
			files = (
			);
			runOnlyForDeploymentPostprocessing = 0;
		};
		F7F0A81A233EF8E200FBC780 /* Frameworks */ = {
			isa = PBXFrameworksBuildPhase;
			buildActionMask = 2147483647;
			files = (
			);
			runOnlyForDeploymentPostprocessing = 0;
		};
/* End PBXFrameworksBuildPhase section */

/* Begin PBXGroup section */
		F74751F5233F7E63003FF326 /* Frameworks */ = {
			isa = PBXGroup;
			children = (
				F74751F6233F7E63003FF326 /* Alamofire.framework */,
			);
			name = Frameworks;
			sourceTree = "<group>";
		};
		F7F0A7F3233EF8E100FBC780 = {
			isa = PBXGroup;
			children = (
				F7F0A7FE233EF8E100FBC780 /* qdraw */,
				F7F0A815233EF8E200FBC780 /* qdrawTests */,
				F7F0A820233EF8E200FBC780 /* qdrawUITests */,
				F7F0A7FD233EF8E100FBC780 /* Products */,
				F74751F5233F7E63003FF326 /* Frameworks */,
			);
			sourceTree = "<group>";
		};
		F7F0A7FD233EF8E100FBC780 /* Products */ = {
			isa = PBXGroup;
			children = (
				F7F0A7FC233EF8E100FBC780 /* qdraw.app */,
				F7F0A812233EF8E200FBC780 /* qdrawTests.xctest */,
				F7F0A81D233EF8E200FBC780 /* qdrawUITests.xctest */,
			);
			name = Products;
			sourceTree = "<group>";
		};
		F7F0A7FE233EF8E100FBC780 /* qdraw */ = {
			isa = PBXGroup;
			children = (
				F7F0A7FF233EF8E100FBC780 /* AppDelegate.swift */,
				F7F0A801233EF8E100FBC780 /* SceneDelegate.swift */,
				F7F0A803233EF8E100FBC780 /* ViewController.swift */,
				F7F0A805233EF8E100FBC780 /* Main.storyboard */,
				F7F0A808233EF8E200FBC780 /* Assets.xcassets */,
				F7F0A80A233EF8E200FBC780 /* LaunchScreen.storyboard */,
				F7F0A80D233EF8E200FBC780 /* Info.plist */,
				F7F0A82F233EF98F00FBC780 /* CanvasView.swift */,
			);
			path = qdraw;
			sourceTree = "<group>";
		};
		F7F0A815233EF8E200FBC780 /* qdrawTests */ = {
			isa = PBXGroup;
			children = (
				F7F0A816233EF8E200FBC780 /* qdrawTests.swift */,
				F7F0A818233EF8E200FBC780 /* Info.plist */,
			);
			path = qdrawTests;
			sourceTree = "<group>";
		};
		F7F0A820233EF8E200FBC780 /* qdrawUITests */ = {
			isa = PBXGroup;
			children = (
				F7F0A821233EF8E200FBC780 /* qdrawUITests.swift */,
				F7F0A823233EF8E200FBC780 /* Info.plist */,
			);
			path = qdrawUITests;
			sourceTree = "<group>";
		};
/* End PBXGroup section */

/* Begin PBXNativeTarget section */
		F7F0A7FB233EF8E100FBC780 /* qdraw */ = {
			isa = PBXNativeTarget;
			buildConfigurationList = F7F0A826233EF8E200FBC780 /* Build configuration list for PBXNativeTarget "qdraw" */;
			buildPhases = (
				F7F0A7F8233EF8E100FBC780 /* Sources */,
				F7F0A7F9233EF8E100FBC780 /* Frameworks */,
				F7F0A7FA233EF8E100FBC780 /* Resources */,
				F74751F9233F7E64003FF326 /* Embed Frameworks */,
				F74751FA233F7E81003FF326 /* ShellScript */,
			);
			buildRules = (
			);
			dependencies = (
			);
			name = qdraw;
			productName = qdraw;
			productReference = F7F0A7FC233EF8E100FBC780 /* qdraw.app */;
			productType = "com.apple.product-type.application";
		};
		F7F0A811233EF8E200FBC780 /* qdrawTests */ = {
			isa = PBXNativeTarget;
			buildConfigurationList = F7F0A829233EF8E200FBC780 /* Build configuration list for PBXNativeTarget "qdrawTests" */;
			buildPhases = (
				F7F0A80E233EF8E200FBC780 /* Sources */,
				F7F0A80F233EF8E200FBC780 /* Frameworks */,
				F7F0A810233EF8E200FBC780 /* Resources */,
			);
			buildRules = (
			);
			dependencies = (
				F7F0A814233EF8E200FBC780 /* PBXTargetDependency */,
			);
			name = qdrawTests;
			productName = qdrawTests;
			productReference = F7F0A812233EF8E200FBC780 /* qdrawTests.xctest */;
			productType = "com.apple.product-type.bundle.unit-test";
		};
		F7F0A81C233EF8E200FBC780 /* qdrawUITests */ = {
			isa = PBXNativeTarget;
			buildConfigurationList = F7F0A82C233EF8E200FBC780 /* Build configuration list for PBXNativeTarget "qdrawUITests" */;
			buildPhases = (
				F7F0A819233EF8E200FBC780 /* Sources */,
				F7F0A81A233EF8E200FBC780 /* Frameworks */,
				F7F0A81B233EF8E200FBC780 /* Resources */,
			);
			buildRules = (
			);
			dependencies = (
				F7F0A81F233EF8E200FBC780 /* PBXTargetDependency */,
			);
			name = qdrawUITests;
			productName = qdrawUITests;
			productReference = F7F0A81D233EF8E200FBC780 /* qdrawUITests.xctest */;
			productType = "com.apple.product-type.bundle.ui-testing";
		};
/* End PBXNativeTarget section */

/* Begin PBXProject section */
		F7F0A7F4233EF8E100FBC780 /* Project object */ = {
			isa = PBXProject;
			attributes = {
				LastSwiftUpdateCheck = 1100;
				LastUpgradeCheck = 1100;
				ORGANIZATIONNAME = masaemon;
				TargetAttributes = {
					F7F0A7FB233EF8E100FBC780 = {
						CreatedOnToolsVersion = 11.0;
					};
					F7F0A811233EF8E200FBC780 = {
						CreatedOnToolsVersion = 11.0;
						TestTargetID = F7F0A7FB233EF8E100FBC780;
					};
					F7F0A81C233EF8E200FBC780 = {
						CreatedOnToolsVersion = 11.0;
						TestTargetID = F7F0A7FB233EF8E100FBC780;
					};
				};
			};
			buildConfigurationList = F7F0A7F7233EF8E100FBC780 /* Build configuration list for PBXProject "qdraw" */;
			compatibilityVersion = "Xcode 9.3";
			developmentRegion = en;
			hasScannedForEncodings = 0;
			knownRegions = (
				en,
				Base,
			);
			mainGroup = F7F0A7F3233EF8E100FBC780;
			productRefGroup = F7F0A7FD233EF8E100FBC780 /* Products */;
			projectDirPath = "";
			projectRoot = "";
			targets = (
				F7F0A7FB233EF8E100FBC780 /* qdraw */,
				F7F0A811233EF8E200FBC780 /* qdrawTests */,
				F7F0A81C233EF8E200FBC780 /* qdrawUITests */,
			);
		};
/* End PBXProject section */

/* Begin PBXResourcesBuildPhase section */
		F7F0A7FA233EF8E100FBC780 /* Resources */ = {
			isa = PBXResourcesBuildPhase;
			buildActionMask = 2147483647;
			files = (
				F7F0A80C233EF8E200FBC780 /* LaunchScreen.storyboard in Resources */,
				F7F0A809233EF8E200FBC780 /* Assets.xcassets in Resources */,
				F7F0A807233EF8E100FBC780 /* Main.storyboard in Resources */,
			);
			runOnlyForDeploymentPostprocessing = 0;
		};
		F7F0A810233EF8E200FBC780 /* Resources */ = {
			isa = PBXResourcesBuildPhase;
			buildActionMask = 2147483647;
			files = (
			);
			runOnlyForDeploymentPostprocessing = 0;
		};
		F7F0A81B233EF8E200FBC780 /* Resources */ = {
			isa = PBXResourcesBuildPhase;
			buildActionMask = 2147483647;
			files = (
			);
			runOnlyForDeploymentPostprocessing = 0;
		};
/* End PBXResourcesBuildPhase section */

/* Begin PBXShellScriptBuildPhase section */
		F74751FA233F7E81003FF326 /* ShellScript */ = {
			isa = PBXShellScriptBuildPhase;
			buildActionMask = 2147483647;
			files = (
			);
			inputFileListPaths = (
			);
			inputPaths = (
				"$(SRCROOT)/Carthage/Build/iOS/Alamofire.framework",
			);
			outputFileListPaths = (
			);
			outputPaths = (
			);
			runOnlyForDeploymentPostprocessing = 0;
			shellPath = /bin/sh;
			shellScript = "# Type a script or drag a script file from your workspace to insert its path.\n/usr/local/bin/carthage copy-frameworks\n";
		};
/* End PBXShellScriptBuildPhase section */

/* Begin PBXSourcesBuildPhase section */
		F7F0A7F8233EF8E100FBC780 /* Sources */ = {
			isa = PBXSourcesBuildPhase;
			buildActionMask = 2147483647;
			files = (
				F7F0A804233EF8E100FBC780 /* ViewController.swift in Sources */,
				F7F0A800233EF8E100FBC780 /* AppDelegate.swift in Sources */,
				F7F0A830233EF98F00FBC780 /* CanvasView.swift in Sources */,
				F7F0A802233EF8E100FBC780 /* SceneDelegate.swift in Sources */,
			);
			runOnlyForDeploymentPostprocessing = 0;
		};
		F7F0A80E233EF8E200FBC780 /* Sources */ = {
			isa = PBXSourcesBuildPhase;
			buildActionMask = 2147483647;
			files = (
				F7F0A817233EF8E200FBC780 /* qdrawTests.swift in Sources */,
			);
			runOnlyForDeploymentPostprocessing = 0;
		};
		F7F0A819233EF8E200FBC780 /* Sources */ = {
			isa = PBXSourcesBuildPhase;
			buildActionMask = 2147483647;
			files = (
				F7F0A822233EF8E200FBC780 /* qdrawUITests.swift in Sources */,
			);
			runOnlyForDeploymentPostprocessing = 0;
		};
/* End PBXSourcesBuildPhase section */

/* Begin PBXTargetDependency section */
		F7F0A814233EF8E200FBC780 /* PBXTargetDependency */ = {
			isa = PBXTargetDependency;
			target = F7F0A7FB233EF8E100FBC780 /* qdraw */;
			targetProxy = F7F0A813233EF8E200FBC780 /* PBXContainerItemProxy */;
		};
		F7F0A81F233EF8E200FBC780 /* PBXTargetDependency */ = {
			isa = PBXTargetDependency;
			target = F7F0A7FB233EF8E100FBC780 /* qdraw */;
			targetProxy = F7F0A81E233EF8E200FBC780 /* PBXContainerItemProxy */;
		};
/* End PBXTargetDependency section */

/* Begin PBXVariantGroup section */
		F7F0A805233EF8E100FBC780 /* Main.storyboard */ = {
			isa = PBXVariantGroup;
			children = (
				F7F0A806233EF8E100FBC780 /* Base */,
			);
			name = Main.storyboard;
			sourceTree = "<group>";
		};
		F7F0A80A233EF8E200FBC780 /* LaunchScreen.storyboard */ = {
			isa = PBXVariantGroup;
			children = (
				F7F0A80B233EF8E200FBC780 /* Base */,
			);
			name = LaunchScreen.storyboard;
			sourceTree = "<group>";
		};
/* End PBXVariantGroup section */

/* Begin XCBuildConfiguration section */
		F7F0A824233EF8E200FBC780 /* Debug */ = {
			isa = XCBuildConfiguration;
			buildSettings = {
				ALWAYS_SEARCH_USER_PATHS = NO;
				CLANG_ANALYZER_NONNULL = YES;
				CLANG_ANALYZER_NUMBER_OBJECT_CONVERSION = YES_AGGRESSIVE;
				CLANG_CXX_LANGUAGE_STANDARD = "gnu++14";
				CLANG_CXX_LIBRARY = "libc++";
				CLANG_ENABLE_MODULES = YES;
				CLANG_ENABLE_OBJC_ARC = YES;
				CLANG_ENABLE_OBJC_WEAK = YES;
				CLANG_WARN_BLOCK_CAPTURE_AUTORELEASING = YES;
				CLANG_WARN_BOOL_CONVERSION = YES;
				CLANG_WARN_COMMA = YES;
				CLANG_WARN_CONSTANT_CONVERSION = YES;
				CLANG_WARN_DEPRECATED_OBJC_IMPLEMENTATIONS = YES;
				CLANG_WARN_DIRECT_OBJC_ISA_USAGE = YES_ERROR;
				CLANG_WARN_DOCUMENTATION_COMMENTS = YES;
				CLANG_WARN_EMPTY_BODY = YES;
				CLANG_WARN_ENUM_CONVERSION = YES;
				CLANG_WARN_INFINITE_RECURSION = YES;
				CLANG_WARN_INT_CONVERSION = YES;
				CLANG_WARN_NON_LITERAL_NULL_CONVERSION = YES;
				CLANG_WARN_OBJC_IMPLICIT_RETAIN_SELF = YES;
				CLANG_WARN_OBJC_LITERAL_CONVERSION = YES;
				CLANG_WARN_OBJC_ROOT_CLASS = YES_ERROR;
				CLANG_WARN_RANGE_LOOP_ANALYSIS = YES;
				CLANG_WARN_STRICT_PROTOTYPES = YES;
				CLANG_WARN_SUSPICIOUS_MOVE = YES;
				CLANG_WARN_UNGUARDED_AVAILABILITY = YES_AGGRESSIVE;
				CLANG_WARN_UNREACHABLE_CODE = YES;
				CLANG_WARN__DUPLICATE_METHOD_MATCH = YES;
				COPY_PHASE_STRIP = NO;
				DEBUG_INFORMATION_FORMAT = dwarf;
				ENABLE_STRICT_OBJC_MSGSEND = YES;
				ENABLE_TESTABILITY = YES;
				GCC_C_LANGUAGE_STANDARD = gnu11;
				GCC_DYNAMIC_NO_PIC = NO;
				GCC_NO_COMMON_BLOCKS = YES;
				GCC_OPTIMIZATION_LEVEL = 0;
				GCC_PREPROCESSOR_DEFINITIONS = (
					"DEBUG=1",
					"$(inherited)",
				);
				GCC_WARN_64_TO_32_BIT_CONVERSION = YES;
				GCC_WARN_ABOUT_RETURN_TYPE = YES_ERROR;
				GCC_WARN_UNDECLARED_SELECTOR = YES;
				GCC_WARN_UNINITIALIZED_AUTOS = YES_AGGRESSIVE;
				GCC_WARN_UNUSED_FUNCTION = YES;
				GCC_WARN_UNUSED_VARIABLE = YES;
				IPHONEOS_DEPLOYMENT_TARGET = 13.0;
				MTL_ENABLE_DEBUG_INFO = INCLUDE_SOURCE;
				MTL_FAST_MATH = YES;
				ONLY_ACTIVE_ARCH = YES;
				SDKROOT = iphoneos;
				SWIFT_ACTIVE_COMPILATION_CONDITIONS = DEBUG;
				SWIFT_OPTIMIZATION_LEVEL = "-Onone";
			};
			name = Debug;
		};
		F7F0A825233EF8E200FBC780 /* Release */ = {
			isa = XCBuildConfiguration;
			buildSettings = {
				ALWAYS_SEARCH_USER_PATHS = NO;
				CLANG_ANALYZER_NONNULL = YES;
				CLANG_ANALYZER_NUMBER_OBJECT_CONVERSION = YES_AGGRESSIVE;
				CLANG_CXX_LANGUAGE_STANDARD = "gnu++14";
				CLANG_CXX_LIBRARY = "libc++";
				CLANG_ENABLE_MODULES = YES;
				CLANG_ENABLE_OBJC_ARC = YES;
				CLANG_ENABLE_OBJC_WEAK = YES;
				CLANG_WARN_BLOCK_CAPTURE_AUTORELEASING = YES;
				CLANG_WARN_BOOL_CONVERSION = YES;
				CLANG_WARN_COMMA = YES;
				CLANG_WARN_CONSTANT_CONVERSION = YES;
				CLANG_WARN_DEPRECATED_OBJC_IMPLEMENTATIONS = YES;
				CLANG_WARN_DIRECT_OBJC_ISA_USAGE = YES_ERROR;
				CLANG_WARN_DOCUMENTATION_COMMENTS = YES;
				CLANG_WARN_EMPTY_BODY = YES;
				CLANG_WARN_ENUM_CONVERSION = YES;
				CLANG_WARN_INFINITE_RECURSION = YES;
				CLANG_WARN_INT_CONVERSION = YES;
				CLANG_WARN_NON_LITERAL_NULL_CONVERSION = YES;
				CLANG_WARN_OBJC_IMPLICIT_RETAIN_SELF = YES;
				CLANG_WARN_OBJC_LITERAL_CONVERSION = YES;
				CLANG_WARN_OBJC_ROOT_CLASS = YES_ERROR;
				CLANG_WARN_RANGE_LOOP_ANALYSIS = YES;
				CLANG_WARN_STRICT_PROTOTYPES = YES;
				CLANG_WARN_SUSPICIOUS_MOVE = YES;
				CLANG_WARN_UNGUARDED_AVAILABILITY = YES_AGGRESSIVE;
				CLANG_WARN_UNREACHABLE_CODE = YES;
				CLANG_WARN__DUPLICATE_METHOD_MATCH = YES;
				COPY_PHASE_STRIP = NO;
				DEBUG_INFORMATION_FORMAT = "dwarf-with-dsym";
				ENABLE_NS_ASSERTIONS = NO;
				ENABLE_STRICT_OBJC_MSGSEND = YES;
				GCC_C_LANGUAGE_STANDARD = gnu11;
				GCC_NO_COMMON_BLOCKS = YES;
				GCC_WARN_64_TO_32_BIT_CONVERSION = YES;
				GCC_WARN_ABOUT_RETURN_TYPE = YES_ERROR;
				GCC_WARN_UNDECLARED_SELECTOR = YES;
				GCC_WARN_UNINITIALIZED_AUTOS = YES_AGGRESSIVE;
				GCC_WARN_UNUSED_FUNCTION = YES;
				GCC_WARN_UNUSED_VARIABLE = YES;
				IPHONEOS_DEPLOYMENT_TARGET = 13.0;
				MTL_ENABLE_DEBUG_INFO = NO;
				MTL_FAST_MATH = YES;
				SDKROOT = iphoneos;
				SWIFT_COMPILATION_MODE = wholemodule;
				SWIFT_OPTIMIZATION_LEVEL = "-O";
				VALIDATE_PRODUCT = YES;
			};
			name = Release;
		};
		F7F0A827233EF8E200FBC780 /* Debug */ = {
			isa = XCBuildConfiguration;
			buildSettings = {
				ASSETCATALOG_COMPILER_APPICON_NAME = AppIcon;
				CODE_SIGN_STYLE = Automatic;
				DEVELOPMENT_TEAM = 63PRR8V9KN;
				FRAMEWORK_SEARCH_PATHS = (
					"$(inherited)",
					"$(PROJECT_DIR)/Carthage/Build/iOS",
				);
				INFOPLIST_FILE = qdraw/Info.plist;
				IPHONEOS_DEPLOYMENT_TARGET = 13.0;
				LD_RUNPATH_SEARCH_PATHS = (
					"$(inherited)",
					"@executable_path/Frameworks",
				);
				PRODUCT_BUNDLE_IDENTIFIER = com.masaemon.qdraw;
				PRODUCT_NAME = "$(TARGET_NAME)";
				SWIFT_VERSION = 5.0;
				TARGETED_DEVICE_FAMILY = 2;
			};
			name = Debug;
		};
		F7F0A828233EF8E200FBC780 /* Release */ = {
			isa = XCBuildConfiguration;
			buildSettings = {
				ASSETCATALOG_COMPILER_APPICON_NAME = AppIcon;
				CODE_SIGN_STYLE = Automatic;
				DEVELOPMENT_TEAM = 63PRR8V9KN;
				FRAMEWORK_SEARCH_PATHS = (
					"$(inherited)",
					"$(PROJECT_DIR)/Carthage/Build/iOS",
				);
				INFOPLIST_FILE = qdraw/Info.plist;
				IPHONEOS_DEPLOYMENT_TARGET = 13.0;
				LD_RUNPATH_SEARCH_PATHS = (
					"$(inherited)",
					"@executable_path/Frameworks",
				);
				PRODUCT_BUNDLE_IDENTIFIER = com.masaemon.qdraw;
				PRODUCT_NAME = "$(TARGET_NAME)";
				SWIFT_VERSION = 5.0;
				TARGETED_DEVICE_FAMILY = 2;
			};
			name = Release;
		};
		F7F0A82A233EF8E200FBC780 /* Debug */ = {
			isa = XCBuildConfiguration;
			buildSettings = {
				ALWAYS_EMBED_SWIFT_STANDARD_LIBRARIES = YES;
				BUNDLE_LOADER = "$(TEST_HOST)";
				CODE_SIGN_STYLE = Automatic;
				DEVELOPMENT_TEAM = 63PRR8V9KN;
				INFOPLIST_FILE = qdrawTests/Info.plist;
				IPHONEOS_DEPLOYMENT_TARGET = 13.0;
				LD_RUNPATH_SEARCH_PATHS = (
					"$(inherited)",
					"@executable_path/Frameworks",
					"@loader_path/Frameworks",
				);
				PRODUCT_BUNDLE_IDENTIFIER = com.masaemon.qdrawTests;
				PRODUCT_NAME = "$(TARGET_NAME)";
				SWIFT_VERSION = 5.0;
				TARGETED_DEVICE_FAMILY = "1,2";
				TEST_HOST = "$(BUILT_PRODUCTS_DIR)/qdraw.app/qdraw";
			};
			name = Debug;
		};
		F7F0A82B233EF8E200FBC780 /* Release */ = {
			isa = XCBuildConfiguration;
			buildSettings = {
				ALWAYS_EMBED_SWIFT_STANDARD_LIBRARIES = YES;
				BUNDLE_LOADER = "$(TEST_HOST)";
				CODE_SIGN_STYLE = Automatic;
				DEVELOPMENT_TEAM = 63PRR8V9KN;
				INFOPLIST_FILE = qdrawTests/Info.plist;
				IPHONEOS_DEPLOYMENT_TARGET = 13.0;
				LD_RUNPATH_SEARCH_PATHS = (
					"$(inherited)",
					"@executable_path/Frameworks",
					"@loader_path/Frameworks",
				);
				PRODUCT_BUNDLE_IDENTIFIER = com.masaemon.qdrawTests;
				PRODUCT_NAME = "$(TARGET_NAME)";
				SWIFT_VERSION = 5.0;
				TARGETED_DEVICE_FAMILY = "1,2";
				TEST_HOST = "$(BUILT_PRODUCTS_DIR)/qdraw.app/qdraw";
			};
			name = Release;
		};
		F7F0A82D233EF8E200FBC780 /* Debug */ = {
			isa = XCBuildConfiguration;
			buildSettings = {
				ALWAYS_EMBED_SWIFT_STANDARD_LIBRARIES = YES;
				CODE_SIGN_STYLE = Automatic;
				DEVELOPMENT_TEAM = 63PRR8V9KN;
				INFOPLIST_FILE = qdrawUITests/Info.plist;
				LD_RUNPATH_SEARCH_PATHS = (
					"$(inherited)",
					"@executable_path/Frameworks",
					"@loader_path/Frameworks",
				);
				PRODUCT_BUNDLE_IDENTIFIER = com.masaemon.qdrawUITests;
				PRODUCT_NAME = "$(TARGET_NAME)";
				SWIFT_VERSION = 5.0;
				TARGETED_DEVICE_FAMILY = "1,2";
				TEST_TARGET_NAME = qdraw;
			};
			name = Debug;
		};
		F7F0A82E233EF8E200FBC780 /* Release */ = {
			isa = XCBuildConfiguration;
			buildSettings = {
				ALWAYS_EMBED_SWIFT_STANDARD_LIBRARIES = YES;
				CODE_SIGN_STYLE = Automatic;
				DEVELOPMENT_TEAM = 63PRR8V9KN;
				INFOPLIST_FILE = qdrawUITests/Info.plist;
				LD_RUNPATH_SEARCH_PATHS = (
					"$(inherited)",
					"@executable_path/Frameworks",
					"@loader_path/Frameworks",
				);
				PRODUCT_BUNDLE_IDENTIFIER = com.masaemon.qdrawUITests;
				PRODUCT_NAME = "$(TARGET_NAME)";
				SWIFT_VERSION = 5.0;
				TARGETED_DEVICE_FAMILY = "1,2";
				TEST_TARGET_NAME = qdraw;
			};
			name = Release;
		};
/* End XCBuildConfiguration section */

/* Begin XCConfigurationList section */
		F7F0A7F7233EF8E100FBC780 /* Build configuration list for PBXProject "qdraw" */ = {
			isa = XCConfigurationList;
			buildConfigurations = (
				F7F0A824233EF8E200FBC780 /* Debug */,
				F7F0A825233EF8E200FBC780 /* Release */,
			);
			defaultConfigurationIsVisible = 0;
			defaultConfigurationName = Release;
		};
		F7F0A826233EF8E200FBC780 /* Build configuration list for PBXNativeTarget "qdraw" */ = {
			isa = XCConfigurationList;
			buildConfigurations = (
				F7F0A827233EF8E200FBC780 /* Debug */,
				F7F0A828233EF8E200FBC780 /* Release */,
			);
			defaultConfigurationIsVisible = 0;
			defaultConfigurationName = Release;
		};
		F7F0A829233EF8E200FBC780 /* Build configuration list for PBXNativeTarget "qdrawTests" */ = {
			isa = XCConfigurationList;
			buildConfigurations = (
				F7F0A82A233EF8E200FBC780 /* Debug */,
				F7F0A82B233EF8E200FBC780 /* Release */,
			);
			defaultConfigurationIsVisible = 0;
			defaultConfigurationName = Release;
		};
		F7F0A82C233EF8E200FBC780 /* Build configuration list for PBXNativeTarget "qdrawUITests" */ = {
			isa = XCConfigurationList;
			buildConfigurations = (
				F7F0A82D233EF8E200FBC780 /* Debug */,
				F7F0A82E233EF8E200FBC780 /* Release */,
			);
			defaultConfigurationIsVisible = 0;
			defaultConfigurationName = Release;
		};
/* End XCConfigurationList section */
	};
	rootObject = F7F0A7F4233EF8E100FBC780 /* Project object */;
}
